Microsoft Visual Studio Solution File, Format Version 12.00
# Visual Studio 15
VisualStudioVersion = 15.0.27004.2005
MinimumVisualStudioVersion = 10.0.40219.1
Project("{FAE04EC0-301F-11D3-BF4B-00C04F79EFBC}") = "CredProvider.NET.Tester", "CredProvider.NET.Tester\CredProvider.NET.Tester.csproj", "{706BBFD0-3DCB-4BD7-A145-EA2751F1D5B9}"
EndProject
Project("{FAE04EC0-301F-11D3-BF4B-00C04F79EFBC}") = "PasswordReset", "PasswordReset\PasswordReset.csproj", "{7F225B87-0039-46F6-8A6E-D80ADD6B6E4B}"
EndProject
Project("{FAE04EC0-301F-11D3-BF4B-00C04F79EFBC}") = "Login", "Login\Login.csproj", "{7B433695-5CC4-4CB9-BCA1-F27B9AD3F63A}"
EndProject
Project("{FAE04EC0-301F-11D3-BF4B-00C04F79EFBC}") = "VPN", "VPN\VPN.csproj", "{709B626E-6D96-46CC-8060-DECF8558C495}"
EndProject
Project("{FAE04EC0-301F-11D3-BF4B-00C04F79EFBC}") = "VPNLauncher", "VPNLauncher\VPNLauncher.csproj", "{5B94B102-B912-4F20-8F50-4083BEF1CAA6}"
EndProject
Global
	GlobalSection(SolutionConfigurationPlatforms) = preSolution
		Debug|Any CPU = Debug|Any CPU
		Debug|x64 = Debug|x64
		Release|Any CPU = Release|Any CPU
		Release|x64 = Release|x64
	EndGlobalSection
	GlobalSection(ProjectConfigurationPlatforms) = postSolution
		{706BBFD0-3DCB-4BD7-A145-EA2751F1D5B9}.Debug|Any CPU.ActiveCfg = Debug|Any CPU
		{706BBFD0-3DCB-4BD7-A145-EA2751F1D5B9}.Debug|Any CPU.Build.0 = Debug|Any CPU
		{706BBFD0-3DCB-4BD7-A145-EA2751F1D5B9}.Debug|x64.ActiveCfg = Debug|Any CPU
		{706BBFD0-3DCB-4BD7-A145-EA2751F1D5B9}.Debug|x64.Build.0 = Debug|Any CPU
		{706BBFD0-3DCB-4BD7-A145-EA2751F1D5B9}.Release|Any CPU.ActiveCfg = Release|Any CPU
		{706BBFD0-3DCB-4BD7-A145-EA2751F1D5B9}.Release|Any CPU.Build.0 = Release|Any CPU
		{706BBFD0-3DCB-4BD7-A145-EA2751F1D5B9}.Release|x64.ActiveCfg = Release|Any CPU
		{706BBFD0-3DCB-4BD7-A145-EA2751F1D5B9}.Release|x64.Build.0 = Release|Any CPU
		{7F225B87-0039-46F6-8A6E-D80ADD6B6E4B}.Debug|Any CPU.ActiveCfg = Debug|x64
		{7F225B87-0039-46F6-8A6E-D80ADD6B6E4B}.Debug|Any CPU.Build.0 = Debug|x64
		{7F225B87-0039-46F6-8A6E-D80ADD6B6E4B}.Debug|x64.ActiveCfg = Debug|x64
		{7F225B87-0039-46F6-8A6E-D80ADD6B6E4B}.Debug|x64.Build.0 = Debug|x64
		{7F225B87-0039-46F6-8A6E-D80ADD6B6E4B}.Release|Any CPU.ActiveCfg = Release|Any CPU
		{7F225B87-0039-46F6-8A6E-D80ADD6B6E4B}.Release|Any CPU.Build.0 = Release|Any CPU
		{7F225B87-0039-46F6-8A6E-D80ADD6B6E4B}.Release|x64.ActiveCfg = Release|x64
		{7F225B87-0039-46F6-8A6E-D80ADD6B6E4B}.Release|x64.Build.0 = Release|x64
		{7B433695-5CC4-4CB9-BCA1-F27B9AD3F63A}.Debug|Any CPU.ActiveCfg = Debug|x64
		{7B433695-5CC4-4CB9-BCA1-F27B9AD3F63A}.Debug|Any CPU.Build.0 = Debug|x64
		{7B433695-5CC4-4CB9-BCA1-F27B9AD3F63A}.Debug|x64.ActiveCfg = Debug|x64
		{7B433695-5CC4-4CB9-BCA1-F27B9AD3F63A}.Debug|x64.Build.0 = Debug|x64
		{7B433695-5CC4-4CB9-BCA1-F27B9AD3F63A}.Release|Any CPU.ActiveCfg = Release|Any CPU
		{7B433695-5CC4-4CB9-BCA1-F27B9AD3F63A}.Release|Any CPU.Build.0 = Release|Any CPU
		{7B433695-5CC4-4CB9-BCA1-F27B9AD3F63A}.Release|x64.ActiveCfg = Release|x64
		{7B433695-5CC4-4CB9-BCA1-F27B9AD3F63A}.Release|x64.Build.0 = Release|x64
		{709B626E-6D96-46CC-8060-DECF8558C495}.Debug|Any CPU.ActiveCfg = Debug|x64
		{709B626E-6D96-46CC-8060-DECF8558C495}.Debug|Any CPU.Build.0 = Debug|x64
		{709B626E-6D96-46CC-8060-DECF8558C495}.Debug|x64.ActiveCfg = Debug|x64
		{709B626E-6D96-46CC-8060-DECF8558C495}.Debug|x64.Build.0 = Debug|x64
		{709B626E-6D96-46CC-8060-DECF8558C495}.Release|Any CPU.ActiveCfg = Release|Any CPU
		{709B626E-6D96-46CC-8060-DECF8558C495}.Release|Any CPU.Build.0 = Release|Any CPU
		{709B626E-6D96-46CC-8060-DECF8558C495}.Release|x64.ActiveCfg = Release|x64
		{709B626E-6D96-46CC-8060-DECF8558C495}.Release|x64.Build.0 = Release|x64
		{5B94B102-B912-4F20-8F50-4083BEF1CAA6}.Debug|Any CPU.ActiveCfg = Debug|Any CPU
		{5B94B102-B912-4F20-8F50-4083BEF1CAA6}.Debug|Any CPU.Build.0 = Debug|Any CPU
		{5B94B102-B912-4F20-8F50-4083BEF1CAA6}.Debug|x64.ActiveCfg = Debug|x64
		{5B94B102-B912-4F20-8F50-4083BEF1CAA6}.Debug|x64.Build.0 = Debug|x64
		{5B94B102-B912-4F20-8F50-4083BEF1CAA6}.Release|Any CPU.ActiveCfg = Release|Any CPU
		{5B94B102-B912-4F20-8F50-4083BEF1CAA6}.Release|Any CPU.Build.0 = Release|Any CPU
		{5B94B102-B912-4F20-8F50-4083BEF1CAA6}.Release|x64.ActiveCfg = Release|x64
		{5B94B102-B912-4F20-8F50-4083BEF1CAA6}.Release|x64.Build.0 = Release|x64
	EndGlobalSection
	GlobalSection(SolutionProperties) = preSolution
		HideSolutionNode = FALSE
	EndGlobalSection
	GlobalSection(ExtensibilityGlobals) = postSolution
		SolutionGuid = {5F8F3FE6-68F0-47C1-BEB2-E9DC36CBCF23}
	EndGlobalSection
EndGlobal
